
Microsoft Visual Studio Solution File, Format Version 12.00
# Visual Studio Version 17
VisualStudioVersion = 17.2.32505.173
MinimumVisualStudioVersion = 10.0.40219.1
Project("{FAE04EC0-301F-11D3-BF4B-00C04F79EFBC}") = "PraticePrograms", "PraticePrograms\PraticePrograms.csproj", "{FA6D35CC-B7FB-47D7-BAE6-A585D2C7D4C7}"
EndProject
Project("{FAE04EC0-301F-11D3-BF4B-00C04F79EFBC}") = "InheritanceClass", "InheritanceClass\InheritanceClass.csproj", "{F19085BD-E7D4-4546-B45A-4AF1EFF600F8}"
EndProject
Global
	GlobalSection(SolutionConfigurationPlatforms) = preSolution
		Debug|Any CPU = Debug|Any CPU
		Release|Any CPU = Release|Any CPU
	EndGlobalSection
	GlobalSection(ProjectConfigurationPlatforms) = postSolution
		{FA6D35CC-B7FB-47D7-BAE6-A585D2C7D4C7}.Debug|Any CPU.ActiveCfg = Debug|Any CPU
		{FA6D35CC-B7FB-47D7-BAE6-A585D2C7D4C7}.Debug|Any CPU.Build.0 = Debug|Any CPU
		{FA6D35CC-B7FB-47D7-BAE6-A585D2C7D4C7}.Release|Any CPU.ActiveCfg = Release|Any CPU
		{FA6D35CC-B7FB-47D7-BAE6-A585D2C7D4C7}.Release|Any CPU.Build.0 = Release|Any CPU
		{F19085BD-E7D4-4546-B45A-4AF1EFF600F8}.Debug|Any CPU.ActiveCfg = Debug|Any CPU
		{F19085BD-E7D4-4546-B45A-4AF1EFF600F8}.Debug|Any CPU.Build.0 = Debug|Any CPU
		{F19085BD-E7D4-4546-B45A-4AF1EFF600F8}.Release|Any CPU.ActiveCfg = Release|Any CPU
		{F19085BD-E7D4-4546-B45A-4AF1EFF600F8}.Release|Any CPU.Build.0 = Release|Any CPU
	EndGlobalSection
	GlobalSection(SolutionProperties) = preSolution
		HideSolutionNode = FALSE
	EndGlobalSection
	GlobalSection(ExtensibilityGlobals) = postSolution
		SolutionGuid = {50772ECB-5768-4A43-9463-ACB1CF863C9A}
	EndGlobalSection
EndGlobal
