
Microsoft Visual Studio Solution File, Format Version 12.00
# Visual Studio Version 17
VisualStudioVersion = 17.2.32505.173
MinimumVisualStudioVersion = 10.0.40219.1
Project("{FAE04EC0-301F-11D3-BF4B-00C04F79EFBC}") = "BankingApplicatiion", "BankingApplicatiion\BankingApplicatiion.csproj", "{9E8561E1-BBF7-45A2-BAA8-18B52261A8DA}"
EndProject
Project("{FAE04EC0-301F-11D3-BF4B-00C04F79EFBC}") = "BankingAccount", "BankingAccount\BankingAccount.csproj", "{DCDEB1CE-93F0-4C0C-A4B0-CE5A7563D912}"
EndProject
Global
	GlobalSection(SolutionConfigurationPlatforms) = preSolution
		Debug|Any CPU = Debug|Any CPU
		Release|Any CPU = Release|Any CPU
	EndGlobalSection
	GlobalSection(ProjectConfigurationPlatforms) = postSolution
		{9E8561E1-BBF7-45A2-BAA8-18B52261A8DA}.Debug|Any CPU.ActiveCfg = Debug|Any CPU
		{9E8561E1-BBF7-45A2-BAA8-18B52261A8DA}.Debug|Any CPU.Build.0 = Debug|Any CPU
		{9E8561E1-BBF7-45A2-BAA8-18B52261A8DA}.Release|Any CPU.ActiveCfg = Release|Any CPU
		{9E8561E1-BBF7-45A2-BAA8-18B52261A8DA}.Release|Any CPU.Build.0 = Release|Any CPU
		{DCDEB1CE-93F0-4C0C-A4B0-CE5A7563D912}.Debug|Any CPU.ActiveCfg = Debug|Any CPU
		{DCDEB1CE-93F0-4C0C-A4B0-CE5A7563D912}.Debug|Any CPU.Build.0 = Debug|Any CPU
		{DCDEB1CE-93F0-4C0C-A4B0-CE5A7563D912}.Release|Any CPU.ActiveCfg = Release|Any CPU
		{DCDEB1CE-93F0-4C0C-A4B0-CE5A7563D912}.Release|Any CPU.Build.0 = Release|Any CPU
	EndGlobalSection
	GlobalSection(SolutionProperties) = preSolution
		HideSolutionNode = FALSE
	EndGlobalSection
	GlobalSection(ExtensibilityGlobals) = postSolution
		SolutionGuid = {9CEC43F9-417B-4009-9977-FD83567B04CD}
	EndGlobalSection
EndGlobal
