
Microsoft Visual Studio Solution File, Format Version 12.00
# Visual Studio Version 17
VisualStudioVersion = 17.2.32505.173
MinimumVisualStudioVersion = 10.0.40219.1
Project("{FAE04EC0-301F-11D3-BF4B-00C04F79EFBC}") = "FactorialNumber", "FactorialNumber\FactorialNumber.csproj", "{609E167C-D050-4362-B72C-515E6E4AA520}"
EndProject
Project("{FAE04EC0-301F-11D3-BF4B-00C04F79EFBC}") = "ClassFactorial", "ClassFactorial\ClassFactorial.csproj", "{98F351F4-6A95-437E-9A58-DBE720C97F11}"
EndProject
Global
	GlobalSection(SolutionConfigurationPlatforms) = preSolution
		Debug|Any CPU = Debug|Any CPU
		Release|Any CPU = Release|Any CPU
	EndGlobalSection
	GlobalSection(ProjectConfigurationPlatforms) = postSolution
		{609E167C-D050-4362-B72C-515E6E4AA520}.Debug|Any CPU.ActiveCfg = Debug|Any CPU
		{609E167C-D050-4362-B72C-515E6E4AA520}.Debug|Any CPU.Build.0 = Debug|Any CPU
		{609E167C-D050-4362-B72C-515E6E4AA520}.Release|Any CPU.ActiveCfg = Release|Any CPU
		{609E167C-D050-4362-B72C-515E6E4AA520}.Release|Any CPU.Build.0 = Release|Any CPU
		{98F351F4-6A95-437E-9A58-DBE720C97F11}.Debug|Any CPU.ActiveCfg = Debug|Any CPU
		{98F351F4-6A95-437E-9A58-DBE720C97F11}.Debug|Any CPU.Build.0 = Debug|Any CPU
		{98F351F4-6A95-437E-9A58-DBE720C97F11}.Release|Any CPU.ActiveCfg = Release|Any CPU
		{98F351F4-6A95-437E-9A58-DBE720C97F11}.Release|Any CPU.Build.0 = Release|Any CPU
	EndGlobalSection
	GlobalSection(SolutionProperties) = preSolution
		HideSolutionNode = FALSE
	EndGlobalSection
	GlobalSection(ExtensibilityGlobals) = postSolution
		SolutionGuid = {3541D5FF-3F10-4208-94C5-12B53D00DCA6}
	EndGlobalSection
EndGlobal
