
Microsoft Visual Studio Solution File, Format Version 12.00
# Visual Studio Version 17
VisualStudioVersion = 17.2.32505.173
MinimumVisualStudioVersion = 10.0.40219.1
Project("{FAE04EC0-301F-11D3-BF4B-00C04F79EFBC}") = "UpperandLowerCaseAlphabets", "UpperandLowerCaseAlphabets\UpperandLowerCaseAlphabets.csproj", "{C6C5EA66-2666-49E9-8573-0C607E776AFC}"
EndProject
Project("{FAE04EC0-301F-11D3-BF4B-00C04F79EFBC}") = "ClassUpperandLowerCase", "ClassUpperandLowerCase\ClassUpperandLowerCase.csproj", "{C6F0F99D-FBBD-4324-A5D3-C8550281452A}"
EndProject
Global
	GlobalSection(SolutionConfigurationPlatforms) = preSolution
		Debug|Any CPU = Debug|Any CPU
		Release|Any CPU = Release|Any CPU
	EndGlobalSection
	GlobalSection(ProjectConfigurationPlatforms) = postSolution
		{C6C5EA66-2666-49E9-8573-0C607E776AFC}.Debug|Any CPU.ActiveCfg = Debug|Any CPU
		{C6C5EA66-2666-49E9-8573-0C607E776AFC}.Debug|Any CPU.Build.0 = Debug|Any CPU
		{C6C5EA66-2666-49E9-8573-0C607E776AFC}.Release|Any CPU.ActiveCfg = Release|Any CPU
		{C6C5EA66-2666-49E9-8573-0C607E776AFC}.Release|Any CPU.Build.0 = Release|Any CPU
		{C6F0F99D-FBBD-4324-A5D3-C8550281452A}.Debug|Any CPU.ActiveCfg = Debug|Any CPU
		{C6F0F99D-FBBD-4324-A5D3-C8550281452A}.Debug|Any CPU.Build.0 = Debug|Any CPU
		{C6F0F99D-FBBD-4324-A5D3-C8550281452A}.Release|Any CPU.ActiveCfg = Release|Any CPU
		{C6F0F99D-FBBD-4324-A5D3-C8550281452A}.Release|Any CPU.Build.0 = Release|Any CPU
	EndGlobalSection
	GlobalSection(SolutionProperties) = preSolution
		HideSolutionNode = FALSE
	EndGlobalSection
	GlobalSection(ExtensibilityGlobals) = postSolution
		SolutionGuid = {F923FED4-51C0-4983-9BFF-20B06A5801CE}
	EndGlobalSection
EndGlobal
