
Microsoft Visual Studio Solution File, Format Version 12.00
# Visual Studio Version 17
VisualStudioVersion = 17.2.32505.173
MinimumVisualStudioVersion = 10.0.40219.1
Project("{9A19103F-16F7-4668-BE54-9A1E7A4F7556}") = "DigitalBank", "DigitalBank\DigitalBank.csproj", "{69D898B7-99AE-41C9-95F1-61DBC438C625}"
EndProject
Project("{9A19103F-16F7-4668-BE54-9A1E7A4F7556}") = "DigitalBank.Core", "DigitalBank.Core\DigitalBank.Core.csproj", "{DC012F9C-8E29-43C9-A1FE-CB3F99937609}"
EndProject
Project("{FAE04EC0-301F-11D3-BF4B-00C04F79EFBC}") = "DigitalBank.Test", "DigitalBank.Test\DigitalBank.Test.csproj", "{58B60F8D-ACF2-4E49-9881-8C8CF565B042}"
EndProject
Global
	GlobalSection(SolutionConfigurationPlatforms) = preSolution
		Debug|Any CPU = Debug|Any CPU
		Release|Any CPU = Release|Any CPU
	EndGlobalSection
	GlobalSection(ProjectConfigurationPlatforms) = postSolution
		{69D898B7-99AE-41C9-95F1-61DBC438C625}.Debug|Any CPU.ActiveCfg = Debug|Any CPU
		{69D898B7-99AE-41C9-95F1-61DBC438C625}.Debug|Any CPU.Build.0 = Debug|Any CPU
		{69D898B7-99AE-41C9-95F1-61DBC438C625}.Release|Any CPU.ActiveCfg = Release|Any CPU
		{69D898B7-99AE-41C9-95F1-61DBC438C625}.Release|Any CPU.Build.0 = Release|Any CPU
		{DC012F9C-8E29-43C9-A1FE-CB3F99937609}.Debug|Any CPU.ActiveCfg = Debug|Any CPU
		{DC012F9C-8E29-43C9-A1FE-CB3F99937609}.Debug|Any CPU.Build.0 = Debug|Any CPU
		{DC012F9C-8E29-43C9-A1FE-CB3F99937609}.Release|Any CPU.ActiveCfg = Release|Any CPU
		{DC012F9C-8E29-43C9-A1FE-CB3F99937609}.Release|Any CPU.Build.0 = Release|Any CPU
		{58B60F8D-ACF2-4E49-9881-8C8CF565B042}.Debug|Any CPU.ActiveCfg = Debug|Any CPU
		{58B60F8D-ACF2-4E49-9881-8C8CF565B042}.Debug|Any CPU.Build.0 = Debug|Any CPU
		{58B60F8D-ACF2-4E49-9881-8C8CF565B042}.Release|Any CPU.ActiveCfg = Release|Any CPU
		{58B60F8D-ACF2-4E49-9881-8C8CF565B042}.Release|Any CPU.Build.0 = Release|Any CPU
	EndGlobalSection
	GlobalSection(SolutionProperties) = preSolution
		HideSolutionNode = FALSE
	EndGlobalSection
	GlobalSection(ExtensibilityGlobals) = postSolution
		SolutionGuid = {496AEA54-ACBE-4358-A554-774EC7494ECD}
	EndGlobalSection
EndGlobal
