
Microsoft Visual Studio Solution File, Format Version 12.00
# Visual Studio Version 17
VisualStudioVersion = 17.2.32505.173
MinimumVisualStudioVersion = 10.0.40219.1
Project("{FAE04EC0-301F-11D3-BF4B-00C04F79EFBC}") = "DigitalBank", "DigitalBank\DigitalBank.csproj", "{D7A0B151-ACD1-477C-BF65-CC7E1AD10B74}"
EndProject
Project("{FAE04EC0-301F-11D3-BF4B-00C04F79EFBC}") = "DigitalBank.Core", "DigitalBank.Core\DigitalBank.Core.csproj", "{6DD43CCE-D0D1-4620-B207-C0673365507A}"
EndProject
Global
	GlobalSection(SolutionConfigurationPlatforms) = preSolution
		Debug|Any CPU = Debug|Any CPU
		Release|Any CPU = Release|Any CPU
	EndGlobalSection
	GlobalSection(ProjectConfigurationPlatforms) = postSolution
		{D7A0B151-ACD1-477C-BF65-CC7E1AD10B74}.Debug|Any CPU.ActiveCfg = Debug|Any CPU
		{D7A0B151-ACD1-477C-BF65-CC7E1AD10B74}.Debug|Any CPU.Build.0 = Debug|Any CPU
		{D7A0B151-ACD1-477C-BF65-CC7E1AD10B74}.Release|Any CPU.ActiveCfg = Release|Any CPU
		{D7A0B151-ACD1-477C-BF65-CC7E1AD10B74}.Release|Any CPU.Build.0 = Release|Any CPU
		{6DD43CCE-D0D1-4620-B207-C0673365507A}.Debug|Any CPU.ActiveCfg = Debug|Any CPU
		{6DD43CCE-D0D1-4620-B207-C0673365507A}.Debug|Any CPU.Build.0 = Debug|Any CPU
		{6DD43CCE-D0D1-4620-B207-C0673365507A}.Release|Any CPU.ActiveCfg = Release|Any CPU
		{6DD43CCE-D0D1-4620-B207-C0673365507A}.Release|Any CPU.Build.0 = Release|Any CPU
	EndGlobalSection
	GlobalSection(SolutionProperties) = preSolution
		HideSolutionNode = FALSE
	EndGlobalSection
	GlobalSection(ExtensibilityGlobals) = postSolution
		SolutionGuid = {6AE3F0F6-D775-458B-A3CE-BBB3B7884DF8}
	EndGlobalSection
EndGlobal
